
Microsoft Visual Studio Solution File, Format Version 12.00
# Visual Studio 15
VisualStudioVersion = 15.0.28307.1321
MinimumVisualStudioVersion = 10.0.40219.1
Project("{FAE04EC0-301F-11D3-BF4B-00C04F79EFBC}") = "Ispring_Quiz_Processor", "Ispring_Quiz_Processor\Ispring_Quiz_Processor.csproj", "{97D55225-C5AA-425D-8BAE-48A81B9E59B5}"
EndProject
Global
	GlobalSection(SolutionConfigurationPlatforms) = preSolution
		Debug|Any CPU = Debug|Any CPU
		Release|Any CPU = Release|Any CPU
	EndGlobalSection
	GlobalSection(ProjectConfigurationPlatforms) = postSolution
		{97D55225-C5AA-425D-8BAE-48A81B9E59B5}.Debug|Any CPU.ActiveCfg = Debug|Any CPU
		{97D55225-C5AA-425D-8BAE-48A81B9E59B5}.Debug|Any CPU.Build.0 = Debug|Any CPU
		{97D55225-C5AA-425D-8BAE-48A81B9E59B5}.Release|Any CPU.ActiveCfg = Release|Any CPU
		{97D55225-C5AA-425D-8BAE-48A81B9E59B5}.Release|Any CPU.Build.0 = Release|Any CPU
	EndGlobalSection
	GlobalSection(SolutionProperties) = preSolution
		HideSolutionNode = FALSE
	EndGlobalSection
	GlobalSection(ExtensibilityGlobals) = postSolution
		SolutionGuid = {57B14F46-49F8-49D2-95A5-2F8F68280AF8}
	EndGlobalSection
EndGlobal
